
Microsoft Visual Studio Solution File, Format Version 12.00
# Visual Studio Version 17
VisualStudioVersion = 17.0.32014.148
MinimumVisualStudioVersion = 10.0.40219.1
Project("{FAE04EC0-301F-11D3-BF4B-00C04F79EFBC}") = "Stemulator", "Stemulator.csproj", "{8EA8267C-72E0-451D-B0AE-810110797961}"
EndProject
Global
	GlobalSection(SolutionConfigurationPlatforms) = preSolution
		Debug|Any CPU = Debug|Any CPU
		Release|Any CPU = Release|Any CPU
	EndGlobalSection
	GlobalSection(ProjectConfigurationPlatforms) = postSolution
		{8EA8267C-72E0-451D-B0AE-810110797961}.Debug|Any CPU.ActiveCfg = Debug|Any CPU
		{8EA8267C-72E0-451D-B0AE-810110797961}.Debug|Any CPU.Build.0 = Debug|Any CPU
		{8EA8267C-72E0-451D-B0AE-810110797961}.Release|Any CPU.ActiveCfg = Release|Any CPU
		{8EA8267C-72E0-451D-B0AE-810110797961}.Release|Any CPU.Build.0 = Release|Any CPU
	EndGlobalSection
	GlobalSection(SolutionProperties) = preSolution
		HideSolutionNode = FALSE
	EndGlobalSection
	GlobalSection(ExtensibilityGlobals) = postSolution
		SolutionGuid = {111529F1-9D06-40A9-9882-9107A4E524C7}
	EndGlobalSection
EndGlobal
